// !$*UTF8*$!
{
	archiveVersion = 1;
	classes = {
	};
	objectVersion = 46;
	objects = {

/* Begin PBXBuildFile section */
		E6210A651BD35645000F0211 /* main.m in Sources */ = {isa = PBXBuildFile; fileRef = E6210A641BD35645000F0211 /* main.m */; };
		E6210A681BD35645000F0211 /* AppDelegate.m in Sources */ = {isa = PBXBuildFile; fileRef = E6210A671BD35645000F0211 /* AppDelegate.m */; };
		E6210A6B1BD35645000F0211 /* ViewController.m in Sources */ = {isa = PBXBuildFile; fileRef = E6210A6A1BD35645000F0211 /* ViewController.m */; };
		E6210A6E1BD35645000F0211 /* Main.storyboard in Resources */ = {isa = PBXBuildFile; fileRef = E6210A6C1BD35645000F0211 /* Main.storyboard */; };
		E6210A701BD35645000F0211 /* Images.xcassets in Resources */ = {isa = PBXBuildFile; fileRef = E6210A6F1BD35645000F0211 /* Images.xcassets */; };
		E6210A731BD35645000F0211 /* LaunchScreen.xib in Resources */ = {isa = PBXBuildFile; fileRef = E6210A711BD35645000F0211 /* LaunchScreen.xib */; };
		E6210A7F1BD35646000F0211 /* NotesiTests.m in Sources */ = {isa = PBXBuildFile; fileRef = E6210A7E1BD35646000F0211 /* NotesiTests.m */; };
		E6210A951BD3DBA1000F0211 /* cameraViewController.m in Sources */ = {isa = PBXBuildFile; fileRef = E6210A941BD3DBA1000F0211 /* cameraViewController.m */; };
/* End PBXBuildFile section */

/* Begin PBXContainerItemProxy section */
		E6210A791BD35646000F0211 /* PBXContainerItemProxy */ = {
			isa = PBXContainerItemProxy;
			containerPortal = E6210A571BD35645000F0211 /* Project object */;
			proxyType = 1;
			remoteGlobalIDString = E6210A5E1BD35645000F0211;
			remoteInfo = Notesi;
		};
/* End PBXContainerItemProxy section */

/* Begin PBXFileReference section */
		E6210A5F1BD35645000F0211 /* Notesi.app */ = {isa = PBXFileReference; explicitFileType = wrapper.application; includeInIndex = 0; path = Notesi.app; sourceTree = BUILT_PRODUCTS_DIR; };
		E6210A631BD35645000F0211 /* Info.plist */ = {isa = PBXFileReference; lastKnownFileType = text.plist.xml; path = Info.plist; sourceTree = "<group>"; };
		E6210A641BD35645000F0211 /* main.m */ = {isa = PBXFileReference; lastKnownFileType = sourcecode.c.objc; path = main.m; sourceTree = "<group>"; };
		E6210A661BD35645000F0211 /* AppDelegate.h */ = {isa = PBXFileReference; lastKnownFileType = sourcecode.c.h; path = AppDelegate.h; sourceTree = "<group>"; };
		E6210A671BD35645000F0211 /* AppDelegate.m */ = {isa = PBXFileReference; lastKnownFileType = sourcecode.c.objc; path = AppDelegate.m; sourceTree = "<group>"; };
		E6210A691BD35645000F0211 /* ViewController.h */ = {isa = PBXFileReference; lastKnownFileType = sourcecode.c.h; path = ViewController.h; sourceTree = "<group>"; };
		E6210A6A1BD35645000F0211 /* ViewController.m */ = {isa = PBXFileReference; lastKnownFileType = sourcecode.c.objc; path = ViewController.m; sourceTree = "<group>"; };
		E6210A6D1BD35645000F0211 /* Base */ = {isa = PBXFileReference; lastKnownFileType = file.storyboard; name = Base; path = Base.lproj/Main.storyboard; sourceTree = "<group>"; };
		E6210A6F1BD35645000F0211 /* Images.xcassets */ = {isa = PBXFileReference; lastKnownFileType = folder.assetcatalog; path = Images.xcassets; sourceTree = "<group>"; };
		E6210A721BD35645000F0211 /* Base */ = {isa = PBXFileReference; lastKnownFileType = file.xib; name = Base; path = Base.lproj/LaunchScreen.xib; sourceTree = "<group>"; };
		E6210A781BD35646000F0211 /* NotesiTests.xctest */ = {isa = PBXFileReference; explicitFileType = wrapper.cfbundle; includeInIndex = 0; path = NotesiTests.xctest; sourceTree = BUILT_PRODUCTS_DIR; };
		E6210A7D1BD35646000F0211 /* Info.plist */ = {isa = PBXFileReference; lastKnownFileType = text.plist.xml; path = Info.plist; sourceTree = "<group>"; };
		E6210A7E1BD35646000F0211 /* NotesiTests.m */ = {isa = PBXFileReference; lastKnownFileType = sourcecode.c.objc; path = NotesiTests.m; sourceTree = "<group>"; };
		E6210A931BD3DBA1000F0211 /* cameraViewController.h */ = {isa = PBXFileReference; fileEncoding = 4; lastKnownFileType = sourcecode.c.h; path = cameraViewController.h; sourceTree = "<group>"; };
		E6210A941BD3DBA1000F0211 /* cameraViewController.m */ = {isa = PBXFileReference; fileEncoding = 4; lastKnownFileType = sourcecode.c.objc; path = cameraViewController.m; sourceTree = "<group>"; };
/* End PBXFileReference section */

/* Begin PBXFrameworksBuildPhase section */
		E6210A5C1BD35645000F0211 /* Frameworks */ = {
			isa = PBXFrameworksBuildPhase;
			buildActionMask = 2147483647;
			files = (
			);
			runOnlyForDeploymentPostprocessing = 0;
		};
		E6210A751BD35646000F0211 /* Frameworks */ = {
			isa = PBXFrameworksBuildPhase;
			buildActionMask = 2147483647;
			files = (
			);
			runOnlyForDeploymentPostprocessing = 0;
		};
/* End PBXFrameworksBuildPhase section */

/* Begin PBXGroup section */
		E6210A561BD35645000F0211 = {
			isa = PBXGroup;
			children = (
				E6210A611BD35645000F0211 /* Notesi */,
				E6210A7B1BD35646000F0211 /* NotesiTests */,
				E6210A601BD35645000F0211 /* Products */,
			);
			sourceTree = "<group>";
		};
		E6210A601BD35645000F0211 /* Products */ = {
			isa = PBXGroup;
			children = (
				E6210A5F1BD35645000F0211 /* Notesi.app */,
				E6210A781BD35646000F0211 /* NotesiTests.xctest */,
			);
			name = Products;
			sourceTree = "<group>";
		};
		E6210A611BD35645000F0211 /* Notesi */ = {
			isa = PBXGroup;
			children = (
				E6210A661BD35645000F0211 /* AppDelegate.h */,
				E6210A671BD35645000F0211 /* AppDelegate.m */,
				E6210A691BD35645000F0211 /* ViewController.h */,
				E6210A6A1BD35645000F0211 /* ViewController.m */,
				E6210A931BD3DBA1000F0211 /* cameraViewController.h */,
				E6210A941BD3DBA1000F0211 /* cameraViewController.m */,
				E6210A6C1BD35645000F0211 /* Main.storyboard */,
				E6210A6F1BD35645000F0211 /* Images.xcassets */,
				E6210A711BD35645000F0211 /* LaunchScreen.xib */,
				E6210A621BD35645000F0211 /* Supporting Files */,
			);
			path = Notesi;
			sourceTree = "<group>";
		};
		E6210A621BD35645000F0211 /* Supporting Files */ = {
			isa = PBXGroup;
			children = (
				E6210A631BD35645000F0211 /* Info.plist */,
				E6210A641BD35645000F0211 /* main.m */,
			);
			name = "Supporting Files";
			sourceTree = "<group>";
		};
		E6210A7B1BD35646000F0211 /* NotesiTests */ = {
			isa = PBXGroup;
			children = (
				E6210A7E1BD35646000F0211 /* NotesiTests.m */,
				E6210A7C1BD35646000F0211 /* Supporting Files */,
			);
			path = NotesiTests;
			sourceTree = "<group>";
		};
		E6210A7C1BD35646000F0211 /* Supporting Files */ = {
			isa = PBXGroup;
			children = (
				E6210A7D1BD35646000F0211 /* Info.plist */,
			);
			name = "Supporting Files";
			sourceTree = "<group>";
		};
/* End PBXGroup section */

/* Begin PBXNativeTarget section */
		E6210A5E1BD35645000F0211 /* Notesi */ = {
			isa = PBXNativeTarget;
			buildConfigurationList = E6210A821BD35646000F0211 /* Build configuration list for PBXNativeTarget "Notesi" */;
			buildPhases = (
				E6210A5B1BD35645000F0211 /* Sources */,
				E6210A5C1BD35645000F0211 /* Frameworks */,
				E6210A5D1BD35645000F0211 /* Resources */,
			);
			buildRules = (
			);
			dependencies = (
			);
			name = Notesi;
			productName = Notesi;
			productReference = E6210A5F1BD35645000F0211 /* Notesi.app */;
			productType = "com.apple.product-type.application";
		};
		E6210A771BD35646000F0211 /* NotesiTests */ = {
			isa = PBXNativeTarget;
			buildConfigurationList = E6210A851BD35646000F0211 /* Build configuration list for PBXNativeTarget "NotesiTests" */;
			buildPhases = (
				E6210A741BD35646000F0211 /* Sources */,
				E6210A751BD35646000F0211 /* Frameworks */,
				E6210A761BD35646000F0211 /* Resources */,
			);
			buildRules = (
			);
			dependencies = (
				E6210A7A1BD35646000F0211 /* PBXTargetDependency */,
			);
			name = NotesiTests;
			productName = NotesiTests;
			productReference = E6210A781BD35646000F0211 /* NotesiTests.xctest */;
			productType = "com.apple.product-type.bundle.unit-test";
		};
/* End PBXNativeTarget section */

/* Begin PBXProject section */
		E6210A571BD35645000F0211 /* Project object */ = {
			isa = PBXProject;
			attributes = {
				LastUpgradeCheck = 0630;
				ORGANIZATIONNAME = Nawwaf;
				TargetAttributes = {
					E6210A5E1BD35645000F0211 = {
						CreatedOnToolsVersion = 6.3.1;
					};
					E6210A771BD35646000F0211 = {
						CreatedOnToolsVersion = 6.3.1;
						TestTargetID = E6210A5E1BD35645000F0211;
					};
				};
			};
			buildConfigurationList = E6210A5A1BD35645000F0211 /* Build configuration list for PBXProject "Notesi" */;
			compatibilityVersion = "Xcode 3.2";
			developmentRegion = English;
			hasScannedForEncodings = 0;
			knownRegions = (
				en,
				Base,
			);
			mainGroup = E6210A561BD35645000F0211;
			productRefGroup = E6210A601BD35645000F0211 /* Products */;
			projectDirPath = "";
			projectRoot = "";
			targets = (
				E6210A5E1BD35645000F0211 /* Notesi */,
				E6210A771BD35646000F0211 /* NotesiTests */,
			);
		};
/* End PBXProject section */

/* Begin PBXResourcesBuildPhase section */
		E6210A5D1BD35645000F0211 /* Resources */ = {
			isa = PBXResourcesBuildPhase;
			buildActionMask = 2147483647;
			files = (
				E6210A6E1BD35645000F0211 /* Main.storyboard in Resources */,
				E6210A731BD35645000F0211 /* LaunchScreen.xib in Resources */,
				E6210A701BD35645000F0211 /* Images.xcassets in Resources */,
			);
			runOnlyForDeploymentPostprocessing = 0;
		};
		E6210A761BD35646000F0211 /* Resources */ = {
			isa = PBXResourcesBuildPhase;
			buildActionMask = 2147483647;
			files = (
			);
			runOnlyForDeploymentPostprocessing = 0;
		};
/* End PBXResourcesBuildPhase section */

/* Begin PBXSourcesBuildPhase section */
		E6210A5B1BD35645000F0211 /* Sources */ = {
			isa = PBXSourcesBuildPhase;
			buildActionMask = 2147483647;
			files = (
				E6210A6B1BD35645000F0211 /* ViewController.m in Sources */,
				E6210A951BD3DBA1000F0211 /* cameraViewController.m in Sources */,
				E6210A681BD35645000F0211 /* AppDelegate.m in Sources */,
				E6210A651BD35645000F0211 /* main.m in Sources */,
			);
			runOnlyForDeploymentPostprocessing = 0;
		};
		E6210A741BD35646000F0211 /* Sources */ = {
			isa = PBXSourcesBuildPhase;
			buildActionMask = 2147483647;
			files = (
				E6210A7F1BD35646000F0211 /* NotesiTests.m in Sources */,
			);
			runOnlyForDeploymentPostprocessing = 0;
		};
/* End PBXSourcesBuildPhase section */

/* Begin PBXTargetDependency section */
		E6210A7A1BD35646000F0211 /* PBXTargetDependency */ = {
			isa = PBXTargetDependency;
			target = E6210A5E1BD35645000F0211 /* Notesi */;
			targetProxy = E6210A791BD35646000F0211 /* PBXContainerItemProxy */;
		};
/* End PBXTargetDependency section */

/* Begin PBXVariantGroup section */
		E6210A6C1BD35645000F0211 /* Main.storyboard */ = {
			isa = PBXVariantGroup;
			children = (
				E6210A6D1BD35645000F0211 /* Base */,
			);
			name = Main.storyboard;
			sourceTree = "<group>";
		};
		E6210A711BD35645000F0211 /* LaunchScreen.xib */ = {
			isa = PBXVariantGroup;
			children = (
				E6210A721BD35645000F0211 /* Base */,
			);
			name = LaunchScreen.xib;
			sourceTree = "<group>";
		};
/* End PBXVariantGroup section */

/* Begin XCBuildConfiguration section */
		E6210A801BD35646000F0211 /* Debug */ = {
			isa = XCBuildConfiguration;
			buildSettings = {
				ALWAYS_SEARCH_USER_PATHS = NO;
				CLANG_CXX_LANGUAGE_STANDARD = "gnu++0x";
				CLANG_CXX_LIBRARY = "libc++";
				CLANG_ENABLE_MODULES = YES;
				CLANG_ENABLE_OBJC_ARC = YES;
				CLANG_WARN_BOOL_CONVERSION = YES;
				CLANG_WARN_CONSTANT_CONVERSION = YES;
				CLANG_WARN_DIRECT_OBJC_ISA_USAGE = YES_ERROR;
				CLANG_WARN_EMPTY_BODY = YES;
				CLANG_WARN_ENUM_CONVERSION = YES;
				CLANG_WARN_INT_CONVERSION = YES;
				CLANG_WARN_OBJC_ROOT_CLASS = YES_ERROR;
				CLANG_WARN_UNREACHABLE_CODE = YES;
				CLANG_WARN__DUPLICATE_METHOD_MATCH = YES;
				"CODE_SIGN_IDENTITY[sdk=iphoneos*]" = "iPhone Developer";
				COPY_PHASE_STRIP = NO;
				DEBUG_INFORMATION_FORMAT = "dwarf-with-dsym";
				ENABLE_STRICT_OBJC_MSGSEND = YES;
				GCC_C_LANGUAGE_STANDARD = gnu99;
				GCC_DYNAMIC_NO_PIC = NO;
				GCC_NO_COMMON_BLOCKS = YES;
				GCC_OPTIMIZATION_LEVEL = 0;
				GCC_PREPROCESSOR_DEFINITIONS = (
					"DEBUG=1",
					"$(inherited)",
				);
				GCC_SYMBOLS_PRIVATE_EXTERN = NO;
				GCC_WARN_64_TO_32_BIT_CONVERSION = YES;
				GCC_WARN_ABOUT_RETURN_TYPE = YES_ERROR;
				GCC_WARN_UNDECLARED_SELECTOR = YES;
				GCC_WARN_UNINITIALIZED_AUTOS = YES_AGGRESSIVE;
				GCC_WARN_UNUSED_FUNCTION = YES;
				GCC_WARN_UNUSED_VARIABLE = YES;
				IPHONEOS_DEPLOYMENT_TARGET = 8.3;
				MTL_ENABLE_DEBUG_INFO = YES;
				ONLY_ACTIVE_ARCH = YES;
				SDKROOT = iphoneos;
			};
			name = Debug;
		};
		E6210A811BD35646000F0211 /* Release */ = {
			isa = XCBuildConfiguration;
			buildSettings = {
				ALWAYS_SEARCH_USER_PATHS = NO;
				CLANG_CXX_LANGUAGE_STANDARD = "gnu++0x";
				CLANG_CXX_LIBRARY = "libc++";
				CLANG_ENABLE_MODULES = YES;
				CLANG_ENABLE_OBJC_ARC = YES;
				CLANG_WARN_BOOL_CONVERSION = YES;
				CLANG_WARN_CONSTANT_CONVERSION = YES;
				CLANG_WARN_DIRECT_OBJC_ISA_USAGE = YES_ERROR;
				CLANG_WARN_EMPTY_BODY = YES;
				CLANG_WARN_ENUM_CONVERSION = YES;
				CLANG_WARN_INT_CONVERSION = YES;
				CLANG_WARN_OBJC_ROOT_CLASS = YES_ERROR;
				CLANG_WARN_UNREACHABLE_CODE = YES;
				CLANG_WARN__DUPLICATE_METHOD_MATCH = YES;
				"CODE_SIGN_IDENTITY[sdk=iphoneos*]" = "iPhone Developer";
				COPY_PHASE_STRIP = NO;
				DEBUG_INFORMATION_FORMAT = "dwarf-with-dsym";
				ENABLE_NS_ASSERTIONS = NO;
				ENABLE_STRICT_OBJC_MSGSEND = YES;
				GCC_C_LANGUAGE_STANDARD = gnu99;
				GCC_NO_COMMON_BLOCKS = YES;
				GCC_WARN_64_TO_32_BIT_CONVERSION = YES;
				GCC_WARN_ABOUT_RETURN_TYPE = YES_ERROR;
				GCC_WARN_UNDECLARED_SELECTOR = YES;
				GCC_WARN_UNINITIALIZED_AUTOS = YES_AGGRESSIVE;
				GCC_WARN_UNUSED_FUNCTION = YES;
				GCC_WARN_UNUSED_VARIABLE = YES;
				IPHONEOS_DEPLOYMENT_TARGET = 8.3;
				MTL_ENABLE_DEBUG_INFO = NO;
				SDKROOT = iphoneos;
				VALIDATE_PRODUCT = YES;
			};
			name = Release;
		};
		E6210A831BD35646000F0211 /* Debug */ = {
			isa = XCBuildConfiguration;
			buildSettings = {
				ASSETCATALOG_COMPILER_APPICON_NAME = AppIcon;
				FRAMEWORK_SEARCH_PATHS = (
					"$(inherited)",
					"/Users/ghost/Downloads/ios-registration-service-sdk-master/demo-app/BasicDemo-UR-ClientSideAPI",
				);
				INFOPLIST_FILE = Notesi/Info.plist;
				LD_RUNPATH_SEARCH_PATHS = "$(inherited) @executable_path/Frameworks";
				PRODUCT_NAME = "$(TARGET_NAME)";
			};
			name = Debug;
		};
		E6210A841BD35646000F0211 /* Release */ = {
			isa = XCBuildConfiguration;
			buildSettings = {
				ASSETCATALOG_COMPILER_APPICON_NAME = AppIcon;
				FRAMEWORK_SEARCH_PATHS = (
					"$(inherited)",
					"/Users/ghost/Downloads/ios-registration-service-sdk-master/demo-app/BasicDemo-UR-ClientSideAPI",
				);
				INFOPLIST_FILE = Notesi/Info.plist;
				LD_RUNPATH_SEARCH_PATHS = "$(inherited) @executable_path/Frameworks";
				PRODUCT_NAME = "$(TARGET_NAME)";
			};
			name = Release;
		};
		E6210A861BD35646000F0211 /* Debug */ = {
			isa = XCBuildConfiguration;
			buildSettings = {
				BUNDLE_LOADER = "$(TEST_HOST)";
				FRAMEWORK_SEARCH_PATHS = (
					"$(SDKROOT)/Developer/Library/Frameworks",
					"$(inherited)",
				);
				GCC_PREPROCESSOR_DEFINITIONS = (
					"DEBUG=1",
					"$(inherited)",
				);
				INFOPLIST_FILE = NotesiTests/Info.plist;
				LD_RUNPATH_SEARCH_PATHS = "$(inherited) @executable_path/Frameworks @loader_path/Frameworks";
				PRODUCT_NAME = "$(TARGET_NAME)";
				TEST_HOST = "$(BUILT_PRODUCTS_DIR)/Notesi.app/Notesi";
			};
			name = Debug;
		};
		E6210A871BD35646000F0211 /* Release */ = {
			isa = XCBuildConfiguration;
			buildSettings = {
				BUNDLE_LOADER = "$(TEST_HOST)";
				FRAMEWORK_SEARCH_PATHS = (
					"$(SDKROOT)/Developer/Library/Frameworks",
					"$(inherited)",
				);
				INFOPLIST_FILE = NotesiTests/Info.plist;
				LD_RUNPATH_SEARCH_PATHS = "$(inherited) @executable_path/Frameworks @loader_path/Frameworks";
				PRODUCT_NAME = "$(TARGET_NAME)";
				TEST_HOST = "$(BUILT_PRODUCTS_DIR)/Notesi.app/Notesi";
			};
			name = Release;
		};
/* End XCBuildConfiguration section */

/* Begin XCConfigurationList section */
		E6210A5A1BD35645000F0211 /* Build configuration list for PBXProject "Notesi" */ = {
			isa = XCConfigurationList;
			buildConfigurations = (
				E6210A801BD35646000F0211 /* Debug */,
				E6210A811BD35646000F0211 /* Release */,
			);
			defaultConfigurationIsVisible = 0;
			defaultConfigurationName = Release;
		};
		E6210A821BD35646000F0211 /* Build configuration list for PBXNativeTarget "Notesi" */ = {
			isa = XCConfigurationList;
			buildConfigurations = (
				E6210A831BD35646000F0211 /* Debug */,
				E6210A841BD35646000F0211 /* Release */,
			);
			defaultConfigurationIsVisible = 0;
			defaultConfigurationName = Release;
		};
		E6210A851BD35646000F0211 /* Build configuration list for PBXNativeTarget "NotesiTests" */ = {
			isa = XCConfigurationList;
			buildConfigurations = (
				E6210A861BD35646000F0211 /* Debug */,
				E6210A871BD35646000F0211 /* Release */,
			);
			defaultConfigurationIsVisible = 0;
			defaultConfigurationName = Release;
		};
/* End XCConfigurationList section */
	};
	rootObject = E6210A571BD35645000F0211 /* Project object */;
}
